{
  "name": "git-agent-sync",
  "version": "0.1.0",
  "lockfileVersion": 3,
  "requires": true,
  "packages": {
    "": {
      "name": "git-agent-sync",
      "version": "0.1.0",
      "license": "MIT",
      "bin": {
        "agent-sync": "bin/git-agent-sync.js",
        "git-agent-sync": "bin/git-agent-sync.js"
      },
      "engines": {
        "node": ">=18"
      }
    }
  }
}
